
Microsoft Visual Studio Solution File, Format Version 12.00
# Visual Studio 15
VisualStudioVersion = 15.0.28307.136
MinimumVisualStudioVersion = 10.0.40219.1
Project("{FAE04EC0-301F-11D3-BF4B-00C04F79EFBC}") = "Airport", "Airport\Airport.csproj", "{DC36FE50-6C9F-49B6-91DA-6B255D20D2D6}"
EndProject
Project("{FAE04EC0-301F-11D3-BF4B-00C04F79EFBC}") = "Airport.Tests", "Airport.Tests\Airport.Tests.csproj", "{98DE8C03-EAC5-41C7-A849-CB3D0F1E5CF1}"
EndProject
Global
	GlobalSection(SolutionConfigurationPlatforms) = preSolution
		Debug|Any CPU = Debug|Any CPU
		Release|Any CPU = Release|Any CPU
	EndGlobalSection
	GlobalSection(ProjectConfigurationPlatforms) = postSolution
		{DC36FE50-6C9F-49B6-91DA-6B255D20D2D6}.Debug|Any CPU.ActiveCfg = Debug|Any CPU
		{DC36FE50-6C9F-49B6-91DA-6B255D20D2D6}.Debug|Any CPU.Build.0 = Debug|Any CPU
		{DC36FE50-6C9F-49B6-91DA-6B255D20D2D6}.Release|Any CPU.ActiveCfg = Release|Any CPU
		{DC36FE50-6C9F-49B6-91DA-6B255D20D2D6}.Release|Any CPU.Build.0 = Release|Any CPU
		{98DE8C03-EAC5-41C7-A849-CB3D0F1E5CF1}.Debug|Any CPU.ActiveCfg = Debug|Any CPU
		{98DE8C03-EAC5-41C7-A849-CB3D0F1E5CF1}.Debug|Any CPU.Build.0 = Debug|Any CPU
		{98DE8C03-EAC5-41C7-A849-CB3D0F1E5CF1}.Release|Any CPU.ActiveCfg = Release|Any CPU
		{98DE8C03-EAC5-41C7-A849-CB3D0F1E5CF1}.Release|Any CPU.Build.0 = Release|Any CPU
	EndGlobalSection
	GlobalSection(SolutionProperties) = preSolution
		HideSolutionNode = FALSE
	EndGlobalSection
	GlobalSection(ExtensibilityGlobals) = postSolution
		SolutionGuid = {752E5D13-0265-4B10-9FAA-AB97262C51CE}
	EndGlobalSection
EndGlobal
